<?xml version="1.0" encoding="utf-8"?>
<Project ToolsVersion="4.0" xmlns="http://schemas.microsoft.com/developer/msbuild/2003">
  <ItemGroup>
    <ClInclude Include="fwddecl.hpp">
      <Filter>src</Filter>
    </ClInclude>
    <ClInclude Include="Program.hpp">
      <Filter>src</Filter>
    </ClInclude>
    <ClInclude Include="replace_all.hpp">
      <Filter>src</Filter>
    </ClInclude>
    <ClInclude Include="escape_string.hpp">
      <Filter>src</Filter>
    </ClInclude>
    <ClInclude Include="SourceLocation.hpp">
      <Filter>src</Filter>
    </ClInclude>
    <ClInclude Include="Shared.hpp">
      <Filter>src</Filter>
    </ClInclude>
    <ClInclude Include="Data.hpp">
      <Filter>src\data</Filter>
    </ClInclude>
    <ClInclude Include="DataString.hpp">
      <Filter>src\data</Filter>
    </ClInclude>
    <ClInclude Include="Token.hpp">
      <Filter>src\tokens</Filter>
    </ClInclude>
    <ClInclude Include="TokenDivide.hpp">
      <Filter>src\tokens</Filter>
    </ClInclude>
    <ClInclude Include="TokenInt.hpp">
      <Filter>src\tokens</Filter>
    </ClInclude>
    <ClInclude Include="TokenLiteral.hpp">
      <Filter>src\tokens</Filter>
    </ClInclude>
    <ClInclude Include="TokenMinus.hpp">
      <Filter>src\tokens</Filter>
    </ClInclude>
    <ClInclude Include="TokenMultiply.hpp">
      <Filter>src\tokens</Filter>
    </ClInclude>
    <ClInclude Include="TokenPlus.hpp">
      <Filter>src\tokens</Filter>
    </ClInclude>
    <ClInclude Include="TokenString.hpp">
      <Filter>src\tokens</Filter>
    </ClInclude>
    <ClInclude Include="config.hpp">
      <Filter>src</Filter>
    </ClInclude>
    <ClInclude Include="libutopia.h">
      <Filter>src</Filter>
    </ClInclude>
    <ClInclude Include="TokenAssignment.hpp">
      <Filter>src\tokens</Filter>
    </ClInclude>
    <ClInclude Include="TokenContainer.hpp">
      <Filter>src\tokens</Filter>
    </ClInclude>
    <ClInclude Include="TokenConcat.hpp">
      <Filter>src\tokens</Filter>
    </ClInclude>
    <ClInclude Include="DataEmpty.hpp">
      <Filter>src\data</Filter>
    </ClInclude>
    <ClInclude Include="ParseError.hpp">
      <Filter>src\error</Filter>
    </ClInclude>
    <ClInclude Include="Error.hpp">
      <Filter>src\error</Filter>
    </ClInclude>
    <ClInclude Include="VmError.hpp">
      <Filter>src\error</Filter>
    </ClInclude>
    <ClInclude Include="DataInt.hpp">
      <Filter>src\data</Filter>
    </ClInclude>
    <ClInclude Include="TypeError.hpp">
      <Filter>src\error</Filter>
    </ClInclude>
    <ClInclude Include="opcodes.hpp">
      <Filter>src\ops</Filter>
    </ClInclude>
    <ClInclude Include="arithmetic.hpp">
      <Filter>src\ops</Filter>
    </ClInclude>
    <ClInclude Include="TokenArithmetic.hpp">
      <Filter>src\tokens</Filter>
    </ClInclude>
    <ClInclude Include="IoError.hpp">
      <Filter>src\error</Filter>
    </ClInclude>
    <ClInclude Include="read_file.hpp">
      <Filter>src</Filter>
    </ClInclude>
    <ClInclude Include="Profiling.hpp">
      <Filter>src</Filter>
    </ClInclude>
    <ClInclude Include="libutopia.hpp">
      <Filter>src</Filter>
    </ClInclude>
  </ItemGroup>
  <ItemGroup>
    <ClCompile Include="Program.cpp">
      <Filter>src</Filter>
    </ClCompile>
    <ClCompile Include="main_compiler.cpp">
      <Filter>src</Filter>
    </ClCompile>
    <ClCompile Include="main_interpreter.cpp">
      <Filter>src</Filter>
    </ClCompile>
    <ClCompile Include="replace_all.cpp">
      <Filter>src</Filter>
    </ClCompile>
    <ClCompile Include="escape_string.cpp">
      <Filter>src</Filter>
    </ClCompile>
    <ClCompile Include="SourceLocation.cpp">
      <Filter>src</Filter>
    </ClCompile>
    <ClCompile Include="Data.cpp">
      <Filter>src\data</Filter>
    </ClCompile>
    <ClCompile Include="DataString.cpp">
      <Filter>src\data</Filter>
    </ClCompile>
    <ClCompile Include="Token.cpp">
      <Filter>src\tokens</Filter>
    </ClCompile>
    <ClCompile Include="TokenDivide.cpp">
      <Filter>src\tokens</Filter>
    </ClCompile>
    <ClCompile Include="TokenInt.cpp">
      <Filter>src\tokens</Filter>
    </ClCompile>
    <ClCompile Include="TokenLiteral.cpp">
      <Filter>src\tokens</Filter>
    </ClCompile>
    <ClCompile Include="TokenMinus.cpp">
      <Filter>src\tokens</Filter>
    </ClCompile>
    <ClCompile Include="TokenMultiply.cpp">
      <Filter>src\tokens</Filter>
    </ClCompile>
    <ClCompile Include="TokenPlus.cpp">
      <Filter>src\tokens</Filter>
    </ClCompile>
    <ClCompile Include="TokenString.cpp">
      <Filter>src\tokens</Filter>
    </ClCompile>
    <ClCompile Include="main_lib.cpp">
      <Filter>src</Filter>
    </ClCompile>
    <ClCompile Include="TokenAssignment.cpp">
      <Filter>src\tokens</Filter>
    </ClCompile>
    <ClCompile Include="TokenConcat.cpp">
      <Filter>src\tokens</Filter>
    </ClCompile>
    <ClCompile Include="DataEmpty.cpp">
      <Filter>src\data</Filter>
    </ClCompile>
    <ClCompile Include="TokenContainer.cpp">
      <Filter>src\tokens</Filter>
    </ClCompile>
    <ClCompile Include="DataInt.cpp">
      <Filter>src\data</Filter>
    </ClCompile>
    <ClCompile Include="opcodes.cpp">
      <Filter>src\ops</Filter>
    </ClCompile>
    <ClCompile Include="arithmetic.cpp">
      <Filter>src\ops</Filter>
    </ClCompile>
    <ClCompile Include="TokenArithmetic.cpp">
      <Filter>src\tokens</Filter>
    </ClCompile>
    <ClCompile Include="main_benchmark.cpp">
      <Filter>src</Filter>
    </ClCompile>
    <ClCompile Include="read_file.cpp">
      <Filter>src</Filter>
    </ClCompile>
    <ClCompile Include="Profiling.cpp">
      <Filter>src</Filter>
    </ClCompile>
  </ItemGroup>
  <ItemGroup>
    <Filter Include="src">
      <UniqueIdentifier>{746d6072-50a1-4295-b27d-0c6df64058fb}</UniqueIdentifier>
    </Filter>
    <Filter Include="examples">
      <UniqueIdentifier>{fe3a0bba-c51c-4055-99a4-b02c1dfc1924}</UniqueIdentifier>
    </Filter>
    <Filter Include="src\data">
      <UniqueIdentifier>{2ba0a3eb-f162-40bc-a8d7-9511d5637e08}</UniqueIdentifier>
    </Filter>
    <Filter Include="src\tokens">
      <UniqueIdentifier>{28fd4a90-6be0-4a3c-b6fd-53341b174455}</UniqueIdentifier>
    </Filter>
    <Filter Include="src\error">
      <UniqueIdentifier>{b15350cd-b62b-4094-b197-9e829b371947}</UniqueIdentifier>
    </Filter>
    <Filter Include="src\ops">
      <UniqueIdentifier>{4dd59f0b-1195-45cb-a40e-8c07019bb113}</UniqueIdentifier>
    </Filter>
  </ItemGroup>
  <ItemGroup>
    <None Include="..\examples\calc.uto">
      <Filter>examples</Filter>
    </None>
    <None Include="..\examples\hello.uto">
      <Filter>examples</Filter>
    </None>
  </ItemGroup>
</Project>